
Microsoft Visual Studio Solution File, Format Version 12.00
# Visual Studio Version 17
VisualStudioVersion = 17.2.32630.192
MinimumVisualStudioVersion = 10.0.40219.1
Project("{FAE04EC0-301F-11D3-BF4B-00C04F79EFBC}") = "Line Comparison", "Line Comparison.csproj", "{CA63E674-626A-412E-B656-FFA9C8372F44}"
EndProject
Global
	GlobalSection(SolutionConfigurationPlatforms) = preSolution
		Debug|Any CPU = Debug|Any CPU
		Release|Any CPU = Release|Any CPU
	EndGlobalSection
	GlobalSection(ProjectConfigurationPlatforms) = postSolution
		{CA63E674-626A-412E-B656-FFA9C8372F44}.Debug|Any CPU.ActiveCfg = Debug|Any CPU
		{CA63E674-626A-412E-B656-FFA9C8372F44}.Debug|Any CPU.Build.0 = Debug|Any CPU
		{CA63E674-626A-412E-B656-FFA9C8372F44}.Release|Any CPU.ActiveCfg = Release|Any CPU
		{CA63E674-626A-412E-B656-FFA9C8372F44}.Release|Any CPU.Build.0 = Release|Any CPU
	EndGlobalSection
	GlobalSection(SolutionProperties) = preSolution
		HideSolutionNode = FALSE
	EndGlobalSection
	GlobalSection(ExtensibilityGlobals) = postSolution
		SolutionGuid = {5ED360C1-E10C-4B7D-8DD4-2B6AFC33BB5D}
	EndGlobalSection
EndGlobal
